// !$*UTF8*$!
{
	archiveVersion = 1;
	classes = {
	};
	objectVersion = 46;
	objects = {

/* Begin PBXBuildFile section */
		98D3CDE91B88634F003640ED /* AppDelegate.swift in Sources */ = {isa = PBXBuildFile; fileRef = 98D3CDE81B88634F003640ED /* AppDelegate.swift */; };
		98D3CDEB1B88634F003640ED /* LoginViewController.swift in Sources */ = {isa = PBXBuildFile; fileRef = 98D3CDEA1B88634F003640ED /* LoginViewController.swift */; };
		98D3CDEE1B88634F003640ED /* Main.storyboard in Resources */ = {isa = PBXBuildFile; fileRef = 98D3CDEC1B88634F003640ED /* Main.storyboard */; };
		98D3CDF01B88634F003640ED /* Images.xcassets in Resources */ = {isa = PBXBuildFile; fileRef = 98D3CDEF1B88634F003640ED /* Images.xcassets */; };
		98D3CDF31B88634F003640ED /* LaunchScreen.xib in Resources */ = {isa = PBXBuildFile; fileRef = 98D3CDF11B88634F003640ED /* LaunchScreen.xib */; };
		98D3CDFF1B886350003640ED /* OnTheMapTests.swift in Sources */ = {isa = PBXBuildFile; fileRef = 98D3CDFE1B886350003640ED /* OnTheMapTests.swift */; };
		98E2EB741B88CD7B00B8B1B3 /* BorderedButton.swift in Sources */ = {isa = PBXBuildFile; fileRef = 98E2EB731B88CD7B00B8B1B3 /* BorderedButton.swift */; };
		98E2EB751B88CD7B00B8B1B3 /* BorderedButton.swift in Sources */ = {isa = PBXBuildFile; fileRef = 98E2EB731B88CD7B00B8B1B3 /* BorderedButton.swift */; };
		98E2EB771B88D5BC00B8B1B3 /* MapViewController.swift in Sources */ = {isa = PBXBuildFile; fileRef = 98E2EB761B88D5BC00B8B1B3 /* MapViewController.swift */; };
		98E2EB781B88D5BC00B8B1B3 /* MapViewController.swift in Sources */ = {isa = PBXBuildFile; fileRef = 98E2EB761B88D5BC00B8B1B3 /* MapViewController.swift */; };
		98E2EB7A1B88E2D500B8B1B3 /* OnTheMapStudentPin.swift in Sources */ = {isa = PBXBuildFile; fileRef = 98E2EB791B88E2D500B8B1B3 /* OnTheMapStudentPin.swift */; };
		98E2EB7B1B88E2D500B8B1B3 /* OnTheMapStudentPin.swift in Sources */ = {isa = PBXBuildFile; fileRef = 98E2EB791B88E2D500B8B1B3 /* OnTheMapStudentPin.swift */; };
/* End PBXBuildFile section */

/* Begin PBXContainerItemProxy section */
		98D3CDF91B886350003640ED /* PBXContainerItemProxy */ = {
			isa = PBXContainerItemProxy;
			containerPortal = 98D3CDDB1B88634F003640ED /* Project object */;
			proxyType = 1;
			remoteGlobalIDString = 98D3CDE21B88634F003640ED;
			remoteInfo = OnTheMap;
		};
/* End PBXContainerItemProxy section */

/* Begin PBXFileReference section */
		98D3CDE31B88634F003640ED /* OnTheMap.app */ = {isa = PBXFileReference; explicitFileType = wrapper.application; includeInIndex = 0; path = OnTheMap.app; sourceTree = BUILT_PRODUCTS_DIR; };
		98D3CDE71B88634F003640ED /* Info.plist */ = {isa = PBXFileReference; lastKnownFileType = text.plist.xml; path = Info.plist; sourceTree = "<group>"; };
		98D3CDE81B88634F003640ED /* AppDelegate.swift */ = {isa = PBXFileReference; lastKnownFileType = sourcecode.swift; path = AppDelegate.swift; sourceTree = "<group>"; };
		98D3CDEA1B88634F003640ED /* LoginViewController.swift */ = {isa = PBXFileReference; lastKnownFileType = sourcecode.swift; path = LoginViewController.swift; sourceTree = "<group>"; };
		98D3CDED1B88634F003640ED /* Base */ = {isa = PBXFileReference; lastKnownFileType = file.storyboard; name = Base; path = Base.lproj/Main.storyboard; sourceTree = "<group>"; };
		98D3CDEF1B88634F003640ED /* Images.xcassets */ = {isa = PBXFileReference; lastKnownFileType = folder.assetcatalog; path = Images.xcassets; sourceTree = "<group>"; };
		98D3CDF21B88634F003640ED /* Base */ = {isa = PBXFileReference; lastKnownFileType = file.xib; name = Base; path = Base.lproj/LaunchScreen.xib; sourceTree = "<group>"; };
		98D3CDF81B886350003640ED /* OnTheMapTests.xctest */ = {isa = PBXFileReference; explicitFileType = wrapper.cfbundle; includeInIndex = 0; path = OnTheMapTests.xctest; sourceTree = BUILT_PRODUCTS_DIR; };
		98D3CDFD1B886350003640ED /* Info.plist */ = {isa = PBXFileReference; lastKnownFileType = text.plist.xml; path = Info.plist; sourceTree = "<group>"; };
		98D3CDFE1B886350003640ED /* OnTheMapTests.swift */ = {isa = PBXFileReference; lastKnownFileType = sourcecode.swift; path = OnTheMapTests.swift; sourceTree = "<group>"; };
		98E2EB731B88CD7B00B8B1B3 /* BorderedButton.swift */ = {isa = PBXFileReference; fileEncoding = 4; lastKnownFileType = sourcecode.swift; path = BorderedButton.swift; sourceTree = "<group>"; };
		98E2EB761B88D5BC00B8B1B3 /* MapViewController.swift */ = {isa = PBXFileReference; fileEncoding = 4; lastKnownFileType = sourcecode.swift; path = MapViewController.swift; sourceTree = "<group>"; };
		98E2EB791B88E2D500B8B1B3 /* OnTheMapStudentPin.swift */ = {isa = PBXFileReference; fileEncoding = 4; lastKnownFileType = sourcecode.swift; path = OnTheMapStudentPin.swift; sourceTree = "<group>"; };
/* End PBXFileReference section */

/* Begin PBXFrameworksBuildPhase section */
		98D3CDE01B88634F003640ED /* Frameworks */ = {
			isa = PBXFrameworksBuildPhase;
			buildActionMask = 2147483647;
			files = (
			);
			runOnlyForDeploymentPostprocessing = 0;
		};
		98D3CDF51B886350003640ED /* Frameworks */ = {
			isa = PBXFrameworksBuildPhase;
			buildActionMask = 2147483647;
			files = (
			);
			runOnlyForDeploymentPostprocessing = 0;
		};
/* End PBXFrameworksBuildPhase section */

/* Begin PBXGroup section */
		98D3CDDA1B88634F003640ED = {
			isa = PBXGroup;
			children = (
				98D3CDE51B88634F003640ED /* OnTheMap */,
				98D3CDFB1B886350003640ED /* OnTheMapTests */,
				98D3CDE41B88634F003640ED /* Products */,
			);
			sourceTree = "<group>";
		};
		98D3CDE41B88634F003640ED /* Products */ = {
			isa = PBXGroup;
			children = (
				98D3CDE31B88634F003640ED /* OnTheMap.app */,
				98D3CDF81B886350003640ED /* OnTheMapTests.xctest */,
			);
			name = Products;
			sourceTree = "<group>";
		};
		98D3CDE51B88634F003640ED /* OnTheMap */ = {
			isa = PBXGroup;
			children = (
				98D3CDE81B88634F003640ED /* AppDelegate.swift */,
				98E2EB791B88E2D500B8B1B3 /* OnTheMapStudentPin.swift */,
				98D3CDEA1B88634F003640ED /* LoginViewController.swift */,
				98E2EB761B88D5BC00B8B1B3 /* MapViewController.swift */,
				98E2EB731B88CD7B00B8B1B3 /* BorderedButton.swift */,
				98D3CDEC1B88634F003640ED /* Main.storyboard */,
				98D3CDEF1B88634F003640ED /* Images.xcassets */,
				98D3CDF11B88634F003640ED /* LaunchScreen.xib */,
				98D3CDE61B88634F003640ED /* Supporting Files */,
			);
			path = OnTheMap;
			sourceTree = "<group>";
		};
		98D3CDE61B88634F003640ED /* Supporting Files */ = {
			isa = PBXGroup;
			children = (
				98D3CDE71B88634F003640ED /* Info.plist */,
			);
			name = "Supporting Files";
			sourceTree = "<group>";
		};
		98D3CDFB1B886350003640ED /* OnTheMapTests */ = {
			isa = PBXGroup;
			children = (
				98D3CDFE1B886350003640ED /* OnTheMapTests.swift */,
				98D3CDFC1B886350003640ED /* Supporting Files */,
			);
			path = OnTheMapTests;
			sourceTree = "<group>";
		};
		98D3CDFC1B886350003640ED /* Supporting Files */ = {
			isa = PBXGroup;
			children = (
				98D3CDFD1B886350003640ED /* Info.plist */,
			);
			name = "Supporting Files";
			sourceTree = "<group>";
		};
/* End PBXGroup section */

/* Begin PBXNativeTarget section */
		98D3CDE21B88634F003640ED /* OnTheMap */ = {
			isa = PBXNativeTarget;
			buildConfigurationList = 98D3CE021B886350003640ED /* Build configuration list for PBXNativeTarget "OnTheMap" */;
			buildPhases = (
				98D3CDDF1B88634F003640ED /* Sources */,
				98D3CDE01B88634F003640ED /* Frameworks */,
				98D3CDE11B88634F003640ED /* Resources */,
			);
			buildRules = (
			);
			dependencies = (
			);
			name = OnTheMap;
			productName = OnTheMap;
			productReference = 98D3CDE31B88634F003640ED /* OnTheMap.app */;
			productType = "com.apple.product-type.application";
		};
		98D3CDF71B886350003640ED /* OnTheMapTests */ = {
			isa = PBXNativeTarget;
			buildConfigurationList = 98D3CE051B886350003640ED /* Build configuration list for PBXNativeTarget "OnTheMapTests" */;
			buildPhases = (
				98D3CDF41B886350003640ED /* Sources */,
				98D3CDF51B886350003640ED /* Frameworks */,
				98D3CDF61B886350003640ED /* Resources */,
			);
			buildRules = (
			);
			dependencies = (
				98D3CDFA1B886350003640ED /* PBXTargetDependency */,
			);
			name = OnTheMapTests;
			productName = OnTheMapTests;
			productReference = 98D3CDF81B886350003640ED /* OnTheMapTests.xctest */;
			productType = "com.apple.product-type.bundle.unit-test";
		};
/* End PBXNativeTarget section */

/* Begin PBXProject section */
		98D3CDDB1B88634F003640ED /* Project object */ = {
			isa = PBXProject;
			attributes = {
				LastUpgradeCheck = 0640;
				ORGANIZATIONNAME = coolshubh4;
				TargetAttributes = {
					98D3CDE21B88634F003640ED = {
						CreatedOnToolsVersion = 6.4;
					};
					98D3CDF71B886350003640ED = {
						CreatedOnToolsVersion = 6.4;
						TestTargetID = 98D3CDE21B88634F003640ED;
					};
				};
			};
			buildConfigurationList = 98D3CDDE1B88634F003640ED /* Build configuration list for PBXProject "OnTheMap" */;
			compatibilityVersion = "Xcode 3.2";
			developmentRegion = English;
			hasScannedForEncodings = 0;
			knownRegions = (
				en,
				Base,
			);
			mainGroup = 98D3CDDA1B88634F003640ED;
			productRefGroup = 98D3CDE41B88634F003640ED /* Products */;
			projectDirPath = "";
			projectRoot = "";
			targets = (
				98D3CDE21B88634F003640ED /* OnTheMap */,
				98D3CDF71B886350003640ED /* OnTheMapTests */,
			);
		};
/* End PBXProject section */

/* Begin PBXResourcesBuildPhase section */
		98D3CDE11B88634F003640ED /* Resources */ = {
			isa = PBXResourcesBuildPhase;
			buildActionMask = 2147483647;
			files = (
				98D3CDEE1B88634F003640ED /* Main.storyboard in Resources */,
				98D3CDF31B88634F003640ED /* LaunchScreen.xib in Resources */,
				98D3CDF01B88634F003640ED /* Images.xcassets in Resources */,
			);
			runOnlyForDeploymentPostprocessing = 0;
		};
		98D3CDF61B886350003640ED /* Resources */ = {
			isa = PBXResourcesBuildPhase;
			buildActionMask = 2147483647;
			files = (
			);
			runOnlyForDeploymentPostprocessing = 0;
		};
/* End PBXResourcesBuildPhase section */

/* Begin PBXSourcesBuildPhase section */
		98D3CDDF1B88634F003640ED /* Sources */ = {
			isa = PBXSourcesBuildPhase;
			buildActionMask = 2147483647;
			files = (
				98D3CDEB1B88634F003640ED /* LoginViewController.swift in Sources */,
				98E2EB741B88CD7B00B8B1B3 /* BorderedButton.swift in Sources */,
				98D3CDE91B88634F003640ED /* AppDelegate.swift in Sources */,
				98E2EB7A1B88E2D500B8B1B3 /* OnTheMapStudentPin.swift in Sources */,
				98E2EB771B88D5BC00B8B1B3 /* MapViewController.swift in Sources */,
			);
			runOnlyForDeploymentPostprocessing = 0;
		};
		98D3CDF41B886350003640ED /* Sources */ = {
			isa = PBXSourcesBuildPhase;
			buildActionMask = 2147483647;
			files = (
				98D3CDFF1B886350003640ED /* OnTheMapTests.swift in Sources */,
				98E2EB7B1B88E2D500B8B1B3 /* OnTheMapStudentPin.swift in Sources */,
				98E2EB781B88D5BC00B8B1B3 /* MapViewController.swift in Sources */,
				98E2EB751B88CD7B00B8B1B3 /* BorderedButton.swift in Sources */,
			);
			runOnlyForDeploymentPostprocessing = 0;
		};
/* End PBXSourcesBuildPhase section */

/* Begin PBXTargetDependency section */
		98D3CDFA1B886350003640ED /* PBXTargetDependency */ = {
			isa = PBXTargetDependency;
			target = 98D3CDE21B88634F003640ED /* OnTheMap */;
			targetProxy = 98D3CDF91B886350003640ED /* PBXContainerItemProxy */;
		};
/* End PBXTargetDependency section */

/* Begin PBXVariantGroup section */
		98D3CDEC1B88634F003640ED /* Main.storyboard */ = {
			isa = PBXVariantGroup;
			children = (
				98D3CDED1B88634F003640ED /* Base */,
			);
			name = Main.storyboard;
			sourceTree = "<group>";
		};
		98D3CDF11B88634F003640ED /* LaunchScreen.xib */ = {
			isa = PBXVariantGroup;
			children = (
				98D3CDF21B88634F003640ED /* Base */,
			);
			name = LaunchScreen.xib;
			sourceTree = "<group>";
		};
/* End PBXVariantGroup section */

/* Begin XCBuildConfiguration section */
		98D3CE001B886350003640ED /* Debug */ = {
			isa = XCBuildConfiguration;
			buildSettings = {
				ALWAYS_SEARCH_USER_PATHS = NO;
				CLANG_CXX_LANGUAGE_STANDARD = "gnu++0x";
				CLANG_CXX_LIBRARY = "libc++";
				CLANG_ENABLE_MODULES = YES;
				CLANG_ENABLE_OBJC_ARC = YES;
				CLANG_WARN_BOOL_CONVERSION = YES;
				CLANG_WARN_CONSTANT_CONVERSION = YES;
				CLANG_WARN_DIRECT_OBJC_ISA_USAGE = YES_ERROR;
				CLANG_WARN_EMPTY_BODY = YES;
				CLANG_WARN_ENUM_CONVERSION = YES;
				CLANG_WARN_INT_CONVERSION = YES;
				CLANG_WARN_OBJC_ROOT_CLASS = YES_ERROR;
				CLANG_WARN_UNREACHABLE_CODE = YES;
				CLANG_WARN__DUPLICATE_METHOD_MATCH = YES;
				"CODE_SIGN_IDENTITY[sdk=iphoneos*]" = "iPhone Developer";
				COPY_PHASE_STRIP = NO;
				DEBUG_INFORMATION_FORMAT = "dwarf-with-dsym";
				ENABLE_STRICT_OBJC_MSGSEND = YES;
				GCC_C_LANGUAGE_STANDARD = gnu99;
				GCC_DYNAMIC_NO_PIC = NO;
				GCC_NO_COMMON_BLOCKS = YES;
				GCC_OPTIMIZATION_LEVEL = 0;
				GCC_PREPROCESSOR_DEFINITIONS = (
					"DEBUG=1",
					"$(inherited)",
				);
				GCC_SYMBOLS_PRIVATE_EXTERN = NO;
				GCC_WARN_64_TO_32_BIT_CONVERSION = YES;
				GCC_WARN_ABOUT_RETURN_TYPE = YES_ERROR;
				GCC_WARN_UNDECLARED_SELECTOR = YES;
				GCC_WARN_UNINITIALIZED_AUTOS = YES_AGGRESSIVE;
				GCC_WARN_UNUSED_FUNCTION = YES;
				GCC_WARN_UNUSED_VARIABLE = YES;
				IPHONEOS_DEPLOYMENT_TARGET = 8.4;
				MTL_ENABLE_DEBUG_INFO = YES;
				ONLY_ACTIVE_ARCH = YES;
				SDKROOT = iphoneos;
				SWIFT_OPTIMIZATION_LEVEL = "-Onone";
				TARGETED_DEVICE_FAMILY = "1,2";
			};
			name = Debug;
		};
		98D3CE011B886350003640ED /* Release */ = {
			isa = XCBuildConfiguration;
			buildSettings = {
				ALWAYS_SEARCH_USER_PATHS = NO;
				CLANG_CXX_LANGUAGE_STANDARD = "gnu++0x";
				CLANG_CXX_LIBRARY = "libc++";
				CLANG_ENABLE_MODULES = YES;
				CLANG_ENABLE_OBJC_ARC = YES;
				CLANG_WARN_BOOL_CONVERSION = YES;
				CLANG_WARN_CONSTANT_CONVERSION = YES;
				CLANG_WARN_DIRECT_OBJC_ISA_USAGE = YES_ERROR;
				CLANG_WARN_EMPTY_BODY = YES;
				CLANG_WARN_ENUM_CONVERSION = YES;
				CLANG_WARN_INT_CONVERSION = YES;
				CLANG_WARN_OBJC_ROOT_CLASS = YES_ERROR;
				CLANG_WARN_UNREACHABLE_CODE = YES;
				CLANG_WARN__DUPLICATE_METHOD_MATCH = YES;
				"CODE_SIGN_IDENTITY[sdk=iphoneos*]" = "iPhone Developer";
				COPY_PHASE_STRIP = NO;
				DEBUG_INFORMATION_FORMAT = "dwarf-with-dsym";
				ENABLE_NS_ASSERTIONS = NO;
				ENABLE_STRICT_OBJC_MSGSEND = YES;
				GCC_C_LANGUAGE_STANDARD = gnu99;
				GCC_NO_COMMON_BLOCKS = YES;
				GCC_WARN_64_TO_32_BIT_CONVERSION = YES;
				GCC_WARN_ABOUT_RETURN_TYPE = YES_ERROR;
				GCC_WARN_UNDECLARED_SELECTOR = YES;
				GCC_WARN_UNINITIALIZED_AUTOS = YES_AGGRESSIVE;
				GCC_WARN_UNUSED_FUNCTION = YES;
				GCC_WARN_UNUSED_VARIABLE = YES;
				IPHONEOS_DEPLOYMENT_TARGET = 8.4;
				MTL_ENABLE_DEBUG_INFO = NO;
				SDKROOT = iphoneos;
				TARGETED_DEVICE_FAMILY = "1,2";
				VALIDATE_PRODUCT = YES;
			};
			name = Release;
		};
		98D3CE031B886350003640ED /* Debug */ = {
			isa = XCBuildConfiguration;
			buildSettings = {
				ASSETCATALOG_COMPILER_APPICON_NAME = AppIcon;
				INFOPLIST_FILE = OnTheMap/Info.plist;
				LD_RUNPATH_SEARCH_PATHS = "$(inherited) @executable_path/Frameworks";
				PRODUCT_NAME = "$(TARGET_NAME)";
			};
			name = Debug;
		};
		98D3CE041B886350003640ED /* Release */ = {
			isa = XCBuildConfiguration;
			buildSettings = {
				ASSETCATALOG_COMPILER_APPICON_NAME = AppIcon;
				INFOPLIST_FILE = OnTheMap/Info.plist;
				LD_RUNPATH_SEARCH_PATHS = "$(inherited) @executable_path/Frameworks";
				PRODUCT_NAME = "$(TARGET_NAME)";
			};
			name = Release;
		};
		98D3CE061B886350003640ED /* Debug */ = {
			isa = XCBuildConfiguration;
			buildSettings = {
				BUNDLE_LOADER = "$(TEST_HOST)";
				FRAMEWORK_SEARCH_PATHS = (
					"$(SDKROOT)/Developer/Library/Frameworks",
					"$(inherited)",
				);
				GCC_PREPROCESSOR_DEFINITIONS = (
					"DEBUG=1",
					"$(inherited)",
				);
				INFOPLIST_FILE = OnTheMapTests/Info.plist;
				LD_RUNPATH_SEARCH_PATHS = "$(inherited) @executable_path/Frameworks @loader_path/Frameworks";
				PRODUCT_NAME = "$(TARGET_NAME)";
				TEST_HOST = "$(BUILT_PRODUCTS_DIR)/OnTheMap.app/OnTheMap";
			};
			name = Debug;
		};
		98D3CE071B886350003640ED /* Release */ = {
			isa = XCBuildConfiguration;
			buildSettings = {
				BUNDLE_LOADER = "$(TEST_HOST)";
				FRAMEWORK_SEARCH_PATHS = (
					"$(SDKROOT)/Developer/Library/Frameworks",
					"$(inherited)",
				);
				INFOPLIST_FILE = OnTheMapTests/Info.plist;
				LD_RUNPATH_SEARCH_PATHS = "$(inherited) @executable_path/Frameworks @loader_path/Frameworks";
				PRODUCT_NAME = "$(TARGET_NAME)";
				TEST_HOST = "$(BUILT_PRODUCTS_DIR)/OnTheMap.app/OnTheMap";
			};
			name = Release;
		};
/* End XCBuildConfiguration section */

/* Begin XCConfigurationList section */
		98D3CDDE1B88634F003640ED /* Build configuration list for PBXProject "OnTheMap" */ = {
			isa = XCConfigurationList;
			buildConfigurations = (
				98D3CE001B886350003640ED /* Debug */,
				98D3CE011B886350003640ED /* Release */,
			);
			defaultConfigurationIsVisible = 0;
			defaultConfigurationName = Release;
		};
		98D3CE021B886350003640ED /* Build configuration list for PBXNativeTarget "OnTheMap" */ = {
			isa = XCConfigurationList;
			buildConfigurations = (
				98D3CE031B886350003640ED /* Debug */,
				98D3CE041B886350003640ED /* Release */,
			);
			defaultConfigurationIsVisible = 0;
			defaultConfigurationName = Release;
		};
		98D3CE051B886350003640ED /* Build configuration list for PBXNativeTarget "OnTheMapTests" */ = {
			isa = XCConfigurationList;
			buildConfigurations = (
				98D3CE061B886350003640ED /* Debug */,
				98D3CE071B886350003640ED /* Release */,
			);
			defaultConfigurationIsVisible = 0;
			defaultConfigurationName = Release;
		};
/* End XCConfigurationList section */
	};
	rootObject = 98D3CDDB1B88634F003640ED /* Project object */;
}
